
Microsoft Visual Studio Solution File, Format Version 12.00
# Visual Studio Version 16
VisualStudioVersion = 16.0.31624.102
MinimumVisualStudioVersion = 10.0.40219.1
Project("{FAE04EC0-301F-11D3-BF4B-00C04F79EFBC}") = "Fitrack", "Fitrack\Fitrack.csproj", "{632A0289-7CB7-43EF-BE03-AA23AF7A291A}"
EndProject
Global
	GlobalSection(SolutionConfigurationPlatforms) = preSolution
		Debug|Any CPU = Debug|Any CPU
		Release|Any CPU = Release|Any CPU
	EndGlobalSection
	GlobalSection(ProjectConfigurationPlatforms) = postSolution
		{632A0289-7CB7-43EF-BE03-AA23AF7A291A}.Debug|Any CPU.ActiveCfg = Debug|Any CPU
		{632A0289-7CB7-43EF-BE03-AA23AF7A291A}.Debug|Any CPU.Build.0 = Debug|Any CPU
		{632A0289-7CB7-43EF-BE03-AA23AF7A291A}.Release|Any CPU.ActiveCfg = Release|Any CPU
		{632A0289-7CB7-43EF-BE03-AA23AF7A291A}.Release|Any CPU.Build.0 = Release|Any CPU
	EndGlobalSection
	GlobalSection(SolutionProperties) = preSolution
		HideSolutionNode = FALSE
	EndGlobalSection
	GlobalSection(ExtensibilityGlobals) = postSolution
		SolutionGuid = {92C59928-33B7-4F81-B4B5-6D58B1F57BBB}
	EndGlobalSection
EndGlobal
